{
  "nodes": {
    "flake-utils": {
      "locked": {
        "lastModified": 1652776076,
        "narHash": "sha256-gzTw/v1vj4dOVbpBSJX4J0DwUR6LIyXo7/SuuTJp1kM=",
        "owner": "numtide",
        "repo": "flake-utils",
        "rev": "04c1b180862888302ddfb2e3ad9eaa63afc60cf8",
        "type": "github"
      },
      "original": {
        "owner": "numtide",
        "ref": "v1.0.0",
        "repo": "flake-utils",
        "type": "github"
      }
    },
    "nixos": {
      "locked": {
        "lastModified": 1690630041,
        "narHash": "sha256-gbnvqm5goS9DSKAqGFpq3398aOpwejmq4qWikqmQyRo=",
        "owner": "NixOS",
        "repo": "nixpkgs",
        "rev": "d57e8c535d4cbb07f441c30988ce52eec69db7a8",
        "type": "github"
      },
      "original": {
        "owner": "NixOS",
        "ref": "nixos-23.05",
        "repo": "nixpkgs",
        "type": "github"
      }
    },
    "pythoneda-shared-artifact-changes-events": {
      "inputs": {
        "flake-utils": [
          "flake-utils"
        ],
        "nixos": [
          "nixos"
        ],
        "pythoneda-shared-artifact-changes-shared": [
          "pythoneda-shared-artifact-changes-shared"
        ],
        "pythoneda-shared-pythoneda-banner": [
          "pythoneda-shared-pythoneda-banner"
        ],
        "pythoneda-shared-pythoneda-domain": [
          "pythoneda-shared-pythoneda-domain"
        ]
      },
      "locked": {
        "dir": "events",
        "lastModified": 1690824336,
        "narHash": "sha256-aNamRRPKgD5TI4N+1vFyEPZLmhU/aLMyJ99ePLl4Gfc=",
        "owner": "pythoneda-shared-artifact-changes",
        "repo": "events-artifact",
        "rev": "33cdd1a2394dffde2eb7deb419d0f97c3fc1fb9b",
        "type": "github"
      },
      "original": {
        "dir": "events",
        "owner": "pythoneda-shared-artifact-changes",
        "ref": "0.0.1a6",
        "repo": "events-artifact",
        "type": "github"
      }
    },
    "pythoneda-shared-artifact-changes-shared": {
      "inputs": {
        "flake-utils": [
          "flake-utils"
        ],
        "nixos": [
          "nixos"
        ],
        "pythoneda-shared-pythoneda-banner": [
          "pythoneda-shared-pythoneda-banner"
        ],
        "pythoneda-shared-pythoneda-domain": [
          "pythoneda-shared-pythoneda-domain"
        ]
      },
      "locked": {
        "dir": "shared",
        "lastModified": 1690823946,
        "narHash": "sha256-v9qEnD8c6k54pn93J8PgbuPG8lk508n22r3j4m6PcVg=",
        "owner": "pythoneda-shared-artifact-changes",
        "repo": "shared-artifact",
        "rev": "fcb118c4f7e6c22288b39d34109692f7e2a1986c",
        "type": "github"
      },
      "original": {
        "dir": "shared",
        "owner": "pythoneda-shared-artifact-changes",
        "ref": "0.0.1a3",
        "repo": "shared-artifact",
        "type": "github"
      }
    },
    "pythoneda-shared-git-shared": {
      "inputs": {
        "flake-utils": [
          "flake-utils"
        ],
        "nixos": [
          "nixos"
        ],
        "pythoneda-shared-pythoneda-banner": [
          "pythoneda-shared-pythoneda-banner"
        ],
        "pythoneda-shared-pythoneda-domain": [
          "pythoneda-shared-pythoneda-domain"
        ]
      },
      "locked": {
        "dir": "shared",
        "lastModified": 1690825287,
        "narHash": "sha256-nbuQuzxbU36Jgsvrw/rv2iAzx4+Ca5tz3T9ClUgpZ6o=",
        "owner": "pythoneda-shared-git",
        "repo": "shared-artifact",
        "rev": "dc85dee8ebfa509c94df4fb4eb6a434984d77728",
        "type": "github"
      },
      "original": {
        "dir": "shared",
        "owner": "pythoneda-shared-git",
        "ref": "0.0.1a8",
        "repo": "shared-artifact",
        "type": "github"
      }
    },
    "pythoneda-shared-pythoneda-banner": {
      "inputs": {
        "flake-utils": [
          "flake-utils"
        ],
        "nixos": [
          "nixos"
        ]
      },
      "locked": {
        "lastModified": 1690821491,
        "narHash": "sha256-o8RrnbQDAbSg1lAP5yoVPVGC8JBrS8d/2tLkmI52nhY=",
        "owner": "pythoneda-shared-pythoneda",
        "repo": "banner",
        "rev": "8a3420496072e9f3421310bf2182f355b204939c",
        "type": "github"
      },
      "original": {
        "owner": "pythoneda-shared-pythoneda",
        "ref": "0.0.1a5",
        "repo": "banner",
        "type": "github"
      }
    },
    "pythoneda-shared-pythoneda-domain": {
      "inputs": {
        "flake-utils": [
          "flake-utils"
        ],
        "nixos": [
          "nixos"
        ],
        "pythoneda-shared-pythoneda-banner": [
          "pythoneda-shared-pythoneda-banner"
        ]
      },
      "locked": {
        "dir": "domain",
        "lastModified": 1690822794,
        "narHash": "sha256-bNUCs5ietDTfXLvDibyoQ+588+QLpzVM7OFUT+bcMPQ=",
        "owner": "pythoneda-shared-pythoneda",
        "repo": "domain-artifact",
        "rev": "3e11a718c3b1ed21786f811ab0089ffcba43e54e",
        "type": "github"
      },
      "original": {
        "dir": "domain",
        "owner": "pythoneda-shared-pythoneda",
        "ref": "0.0.1a28",
        "repo": "domain-artifact",
        "type": "github"
      }
    },
    "pythoneda-shared-pythoneda-infrastructure": {
      "inputs": {
        "flake-utils": [
          "flake-utils"
        ],
        "nixos": [
          "nixos"
        ],
        "pythoneda-shared-pythoneda-banner": [
          "pythoneda-shared-pythoneda-banner"
        ],
        "pythoneda-shared-pythoneda-domain": [
          "pythoneda-shared-pythoneda-domain"
        ]
      },
      "locked": {
        "dir": "infrastructure",
        "lastModified": 1690822904,
        "narHash": "sha256-kdMx9mZHWxEFf+B7x9M8UxNDFtUnw3mbxm4ol5jpR6c=",
        "owner": "pythoneda-shared-pythoneda",
        "repo": "infrastructure-artifact",
        "rev": "f96838170104bde66b191f9f7f062004b9087773",
        "type": "github"
      },
      "original": {
        "dir": "infrastructure",
        "owner": "pythoneda-shared-pythoneda",
        "ref": "0.0.1a15",
        "repo": "infrastructure-artifact",
        "type": "github"
      }
    },
    "root": {
      "inputs": {
        "flake-utils": "flake-utils",
        "nixos": "nixos",
        "pythoneda-shared-artifact-changes-events": "pythoneda-shared-artifact-changes-events",
        "pythoneda-shared-artifact-changes-shared": "pythoneda-shared-artifact-changes-shared",
        "pythoneda-shared-git-shared": "pythoneda-shared-git-shared",
        "pythoneda-shared-pythoneda-banner": "pythoneda-shared-pythoneda-banner",
        "pythoneda-shared-pythoneda-domain": "pythoneda-shared-pythoneda-domain",
        "pythoneda-shared-pythoneda-infrastructure": "pythoneda-shared-pythoneda-infrastructure"
      }
    }
  },
  "root": "root",
  "version": 7
}
